
Microsoft Visual Studio Solution File, Format Version 12.00
# Visual Studio 15
VisualStudioVersion = 15.0.27130.2010
MinimumVisualStudioVersion = 10.0.40219.1
Project("{FAE04EC0-301F-11D3-BF4B-00C04F79EFBC}") = "Wordki.App", "src\Wordki.App\Wordki.App.csproj", "{47F92EFB-3ACB-4C6F-A80C-53C50A111EE2}"
EndProject
Project("{FAE04EC0-301F-11D3-BF4B-00C04F79EFBC}") = "Wordki.Model", "src\Wordki.Model\Wordki.Model.csproj", "{9738782D-9FD7-4524-83E8-4162FEF69B51}"
EndProject
Project("{FAE04EC0-301F-11D3-BF4B-00C04F79EFBC}") = "Wordki.Test", "tests\Wordki.Test\Wordki.Test.csproj", "{68D53406-FF9A-4BAB-815E-CBB410739B34}"
EndProject
Project("{FAE04EC0-301F-11D3-BF4B-00C04F79EFBC}") = "Util", "..\c_sharp_util\Util\Util\Util.csproj", "{877CCD05-BAA6-430A-A317-E1E9DA0BBAF2}"
EndProject
Global
	GlobalSection(SolutionConfigurationPlatforms) = preSolution
		Debug|Any CPU = Debug|Any CPU
		Release|Any CPU = Release|Any CPU
	EndGlobalSection
	GlobalSection(ProjectConfigurationPlatforms) = postSolution
		{47F92EFB-3ACB-4C6F-A80C-53C50A111EE2}.Debug|Any CPU.ActiveCfg = Debug|Any CPU
		{47F92EFB-3ACB-4C6F-A80C-53C50A111EE2}.Debug|Any CPU.Build.0 = Debug|Any CPU
		{47F92EFB-3ACB-4C6F-A80C-53C50A111EE2}.Release|Any CPU.ActiveCfg = Release|Any CPU
		{47F92EFB-3ACB-4C6F-A80C-53C50A111EE2}.Release|Any CPU.Build.0 = Release|Any CPU
		{9738782D-9FD7-4524-83E8-4162FEF69B51}.Debug|Any CPU.ActiveCfg = Debug|Any CPU
		{9738782D-9FD7-4524-83E8-4162FEF69B51}.Debug|Any CPU.Build.0 = Debug|Any CPU
		{9738782D-9FD7-4524-83E8-4162FEF69B51}.Release|Any CPU.ActiveCfg = Release|Any CPU
		{9738782D-9FD7-4524-83E8-4162FEF69B51}.Release|Any CPU.Build.0 = Release|Any CPU
		{68D53406-FF9A-4BAB-815E-CBB410739B34}.Debug|Any CPU.ActiveCfg = Debug|Any CPU
		{68D53406-FF9A-4BAB-815E-CBB410739B34}.Debug|Any CPU.Build.0 = Debug|Any CPU
		{68D53406-FF9A-4BAB-815E-CBB410739B34}.Release|Any CPU.ActiveCfg = Release|Any CPU
		{68D53406-FF9A-4BAB-815E-CBB410739B34}.Release|Any CPU.Build.0 = Release|Any CPU
		{877CCD05-BAA6-430A-A317-E1E9DA0BBAF2}.Debug|Any CPU.ActiveCfg = Debug|Any CPU
		{877CCD05-BAA6-430A-A317-E1E9DA0BBAF2}.Debug|Any CPU.Build.0 = Debug|Any CPU
		{877CCD05-BAA6-430A-A317-E1E9DA0BBAF2}.Release|Any CPU.ActiveCfg = Release|Any CPU
		{877CCD05-BAA6-430A-A317-E1E9DA0BBAF2}.Release|Any CPU.Build.0 = Release|Any CPU
	EndGlobalSection
	GlobalSection(SolutionProperties) = preSolution
		HideSolutionNode = FALSE
	EndGlobalSection
	GlobalSection(ExtensibilityGlobals) = postSolution
		SolutionGuid = {19EC98F0-6F9B-4111-95B5-D301AC9E0134}
	EndGlobalSection
EndGlobal
